
Microsoft Visual Studio Solution File, Format Version 12.00
# Visual Studio Version 17
VisualStudioVersion = 17.8.34330.188
MinimumVisualStudioVersion = 10.0.40219.1
Project("{FAE04EC0-301F-11D3-BF4B-00C04F79EFBC}") = "PlayerAndTeamRequirements", "PlayerAndTeamRequirements\PlayerAndTeamRequirements.csproj", "{896FE64E-C923-4D3B-A49A-374633C798CF}"
EndProject
Global
	GlobalSection(SolutionConfigurationPlatforms) = preSolution
		Debug|Any CPU = Debug|Any CPU
		Release|Any CPU = Release|Any CPU
	EndGlobalSection
	GlobalSection(ProjectConfigurationPlatforms) = postSolution
		{896FE64E-C923-4D3B-A49A-374633C798CF}.Debug|Any CPU.ActiveCfg = Debug|Any CPU
		{896FE64E-C923-4D3B-A49A-374633C798CF}.Debug|Any CPU.Build.0 = Debug|Any CPU
		{896FE64E-C923-4D3B-A49A-374633C798CF}.Release|Any CPU.ActiveCfg = Release|Any CPU
		{896FE64E-C923-4D3B-A49A-374633C798CF}.Release|Any CPU.Build.0 = Release|Any CPU
	EndGlobalSection
	GlobalSection(SolutionProperties) = preSolution
		HideSolutionNode = FALSE
	EndGlobalSection
	GlobalSection(ExtensibilityGlobals) = postSolution
		SolutionGuid = {46CA3DC7-D324-4FA9-A0A2-FB731AAF3F22}
	EndGlobalSection
EndGlobal
